// !$*UTF8*$!
{
	archiveVersion = 1;
	classes = {
	};
	objectVersion = 77;
	objects = {

/* Begin PBXContainerItemProxy section */
		F6F73F4B2D3ADEF4002C66A7 /* PBXContainerItemProxy */ = {
			isa = PBXContainerItemProxy;
			containerPortal = F6F73F322D3ADEF2002C66A7 /* Project object */;
			proxyType = 1;
			remoteGlobalIDString = F6F73F392D3ADEF2002C66A7;
			remoteInfo = vide;
		};
		F6F73F552D3ADEF4002C66A7 /* PBXContainerItemProxy */ = {
			isa = PBXContainerItemProxy;
			containerPortal = F6F73F322D3ADEF2002C66A7 /* Project object */;
			proxyType = 1;
			remoteGlobalIDString = F6F73F392D3ADEF2002C66A7;
			remoteInfo = vide;
		};
/* End PBXContainerItemProxy section */

/* Begin PBXFileReference section */
		F6F73F3A2D3ADEF2002C66A7 /* vide.app */ = {isa = PBXFileReference; explicitFileType = wrapper.application; includeInIndex = 0; path = vide.app; sourceTree = BUILT_PRODUCTS_DIR; };
		F6F73F4A2D3ADEF4002C66A7 /* videTests.xctest */ = {isa = PBXFileReference; explicitFileType = wrapper.cfbundle; includeInIndex = 0; path = videTests.xctest; sourceTree = BUILT_PRODUCTS_DIR; };
		F6F73F542D3ADEF4002C66A7 /* videUITests.xctest */ = {isa = PBXFileReference; explicitFileType = wrapper.cfbundle; includeInIndex = 0; path = videUITests.xctest; sourceTree = BUILT_PRODUCTS_DIR; };
/* End PBXFileReference section */

/* Begin PBXFileSystemSynchronizedRootGroup section */
		F6F73F3C2D3ADEF2002C66A7 /* vide */ = {
			isa = PBXFileSystemSynchronizedRootGroup;
			path = vide;
			sourceTree = "<group>";
		};
		F6F73F4D2D3ADEF4002C66A7 /* videTests */ = {
			isa = PBXFileSystemSynchronizedRootGroup;
			path = videTests;
			sourceTree = "<group>";
		};
		F6F73F572D3ADEF4002C66A7 /* videUITests */ = {
			isa = PBXFileSystemSynchronizedRootGroup;
			path = videUITests;
			sourceTree = "<group>";
		};
/* End PBXFileSystemSynchronizedRootGroup section */

/* Begin PBXFrameworksBuildPhase section */
		F6F73F372D3ADEF2002C66A7 /* Frameworks */ = {
			isa = PBXFrameworksBuildPhase;
			buildActionMask = 2147483647;
			files = (
			);
			runOnlyForDeploymentPostprocessing = 0;
		};
		F6F73F472D3ADEF4002C66A7 /* Frameworks */ = {
			isa = PBXFrameworksBuildPhase;
			buildActionMask = 2147483647;
			files = (
			);
			runOnlyForDeploymentPostprocessing = 0;
		};
		F6F73F512D3ADEF4002C66A7 /* Frameworks */ = {
			isa = PBXFrameworksBuildPhase;
			buildActionMask = 2147483647;
			files = (
			);
			runOnlyForDeploymentPostprocessing = 0;
		};
/* End PBXFrameworksBuildPhase section */

/* Begin PBXGroup section */
		F6F73F312D3ADEF2002C66A7 = {
			isa = PBXGroup;
			children = (
				F6F73F3C2D3ADEF2002C66A7 /* vide */,
				F6F73F4D2D3ADEF4002C66A7 /* videTests */,
				F6F73F572D3ADEF4002C66A7 /* videUITests */,
				F6F73F3B2D3ADEF2002C66A7 /* Products */,
			);
			sourceTree = "<group>";
		};
		F6F73F3B2D3ADEF2002C66A7 /* Products */ = {
			isa = PBXGroup;
			children = (
				F6F73F3A2D3ADEF2002C66A7 /* vide.app */,
				F6F73F4A2D3ADEF4002C66A7 /* videTests.xctest */,
				F6F73F542D3ADEF4002C66A7 /* videUITests.xctest */,
			);
			name = Products;
			sourceTree = "<group>";
		};
/* End PBXGroup section */

/* Begin PBXNativeTarget section */
		F6F73F392D3ADEF2002C66A7 /* vide */ = {
			isa = PBXNativeTarget;
			buildConfigurationList = F6F73F5E2D3ADEF4002C66A7 /* Build configuration list for PBXNativeTarget "vide" */;
			buildPhases = (
				F6F73F362D3ADEF2002C66A7 /* Sources */,
				F6F73F372D3ADEF2002C66A7 /* Frameworks */,
				F6F73F382D3ADEF2002C66A7 /* Resources */,
			);
			buildRules = (
			);
			dependencies = (
			);
			fileSystemSynchronizedGroups = (
				F6F73F3C2D3ADEF2002C66A7 /* vide */,
			);
			name = vide;
			packageProductDependencies = (
			);
			productName = vide;
			productReference = F6F73F3A2D3ADEF2002C66A7 /* vide.app */;
			productType = "com.apple.product-type.application";
		};
		F6F73F492D3ADEF4002C66A7 /* videTests */ = {
			isa = PBXNativeTarget;
			buildConfigurationList = F6F73F612D3ADEF4002C66A7 /* Build configuration list for PBXNativeTarget "videTests" */;
			buildPhases = (
				F6F73F462D3ADEF4002C66A7 /* Sources */,
				F6F73F472D3ADEF4002C66A7 /* Frameworks */,
				F6F73F482D3ADEF4002C66A7 /* Resources */,
			);
			buildRules = (
			);
			dependencies = (
				F6F73F4C2D3ADEF4002C66A7 /* PBXTargetDependency */,
			);
			fileSystemSynchronizedGroups = (
				F6F73F4D2D3ADEF4002C66A7 /* videTests */,
			);
			name = videTests;
			packageProductDependencies = (
			);
			productName = videTests;
			productReference = F6F73F4A2D3ADEF4002C66A7 /* videTests.xctest */;
			productType = "com.apple.product-type.bundle.unit-test";
		};
		F6F73F532D3ADEF4002C66A7 /* videUITests */ = {
			isa = PBXNativeTarget;
			buildConfigurationList = F6F73F642D3ADEF4002C66A7 /* Build configuration list for PBXNativeTarget "videUITests" */;
			buildPhases = (
				F6F73F502D3ADEF4002C66A7 /* Sources */,
				F6F73F512D3ADEF4002C66A7 /* Frameworks */,
				F6F73F522D3ADEF4002C66A7 /* Resources */,
			);
			buildRules = (
			);
			dependencies = (
				F6F73F562D3ADEF4002C66A7 /* PBXTargetDependency */,
			);
			fileSystemSynchronizedGroups = (
				F6F73F572D3ADEF4002C66A7 /* videUITests */,
			);
			name = videUITests;
			packageProductDependencies = (
			);
			productName = videUITests;
			productReference = F6F73F542D3ADEF4002C66A7 /* videUITests.xctest */;
			productType = "com.apple.product-type.bundle.ui-testing";
		};
/* End PBXNativeTarget section */

/* Begin PBXProject section */
		F6F73F322D3ADEF2002C66A7 /* Project object */ = {
			isa = PBXProject;
			attributes = {
				BuildIndependentTargetsInParallel = 1;
				LastSwiftUpdateCheck = 1620;
				LastUpgradeCheck = 1620;
				TargetAttributes = {
					F6F73F392D3ADEF2002C66A7 = {
						CreatedOnToolsVersion = 16.2;
					};
					F6F73F492D3ADEF4002C66A7 = {
						CreatedOnToolsVersion = 16.2;
						TestTargetID = F6F73F392D3ADEF2002C66A7;
					};
					F6F73F532D3ADEF4002C66A7 = {
						CreatedOnToolsVersion = 16.2;
						TestTargetID = F6F73F392D3ADEF2002C66A7;
					};
				};
			};
			buildConfigurationList = F6F73F352D3ADEF2002C66A7 /* Build configuration list for PBXProject "vide" */;
			developmentRegion = en;
			hasScannedForEncodings = 0;
			knownRegions = (
				en,
				Base,
			);
			mainGroup = F6F73F312D3ADEF2002C66A7;
			minimizedProjectReferenceProxies = 1;
			preferredProjectObjectVersion = 77;
			productRefGroup = F6F73F3B2D3ADEF2002C66A7 /* Products */;
			projectDirPath = "";
			projectRoot = "";
			targets = (
				F6F73F392D3ADEF2002C66A7 /* vide */,
				F6F73F492D3ADEF4002C66A7 /* videTests */,
				F6F73F532D3ADEF4002C66A7 /* videUITests */,
			);
		};
/* End PBXProject section */

/* Begin PBXResourcesBuildPhase section */
		F6F73F382D3ADEF2002C66A7 /* Resources */ = {
			isa = PBXResourcesBuildPhase;
			buildActionMask = 2147483647;
			files = (
			);
			runOnlyForDeploymentPostprocessing = 0;
		};
		F6F73F482D3ADEF4002C66A7 /* Resources */ = {
			isa = PBXResourcesBuildPhase;
			buildActionMask = 2147483647;
			files = (
			);
			runOnlyForDeploymentPostprocessing = 0;
		};
		F6F73F522D3ADEF4002C66A7 /* Resources */ = {
			isa = PBXResourcesBuildPhase;
			buildActionMask = 2147483647;
			files = (
			);
			runOnlyForDeploymentPostprocessing = 0;
		};
/* End PBXResourcesBuildPhase section */

/* Begin PBXSourcesBuildPhase section */
		F6F73F362D3ADEF2002C66A7 /* Sources */ = {
			isa = PBXSourcesBuildPhase;
			buildActionMask = 2147483647;
			files = (
			);
			runOnlyForDeploymentPostprocessing = 0;
		};
		F6F73F462D3ADEF4002C66A7 /* Sources */ = {
			isa = PBXSourcesBuildPhase;
			buildActionMask = 2147483647;
			files = (
			);
			runOnlyForDeploymentPostprocessing = 0;
		};
		F6F73F502D3ADEF4002C66A7 /* Sources */ = {
			isa = PBXSourcesBuildPhase;
			buildActionMask = 2147483647;
			files = (
			);
			runOnlyForDeploymentPostprocessing = 0;
		};
/* End PBXSourcesBuildPhase section */

/* Begin PBXTargetDependency section */
		F6F73F4C2D3ADEF4002C66A7 /* PBXTargetDependency */ = {
			isa = PBXTargetDependency;
			target = F6F73F392D3ADEF2002C66A7 /* vide */;
			targetProxy = F6F73F4B2D3ADEF4002C66A7 /* PBXContainerItemProxy */;
		};
		F6F73F562D3ADEF4002C66A7 /* PBXTargetDependency */ = {
			isa = PBXTargetDependency;
			target = F6F73F392D3ADEF2002C66A7 /* vide */;
			targetProxy = F6F73F552D3ADEF4002C66A7 /* PBXContainerItemProxy */;
		};
/* End PBXTargetDependency section */

/* Begin XCBuildConfiguration section */
		F6F73F5C2D3ADEF4002C66A7 /* Debug */ = {
			isa = XCBuildConfiguration;
			buildSettings = {
				ALWAYS_SEARCH_USER_PATHS = NO;
				ASSETCATALOG_COMPILER_GENERATE_SWIFT_ASSET_SYMBOL_EXTENSIONS = YES;
				CLANG_ANALYZER_NONNULL = YES;
				CLANG_ANALYZER_NUMBER_OBJECT_CONVERSION = YES_AGGRESSIVE;
				CLANG_CXX_LANGUAGE_STANDARD = "gnu++20";
				CLANG_ENABLE_MODULES = YES;
				CLANG_ENABLE_OBJC_ARC = YES;
				CLANG_ENABLE_OBJC_WEAK = YES;
				CLANG_WARN_BLOCK_CAPTURE_AUTORELEASING = YES;
				CLANG_WARN_BOOL_CONVERSION = YES;
				CLANG_WARN_COMMA = YES;
				CLANG_WARN_CONSTANT_CONVERSION = YES;
				CLANG_WARN_DEPRECATED_OBJC_IMPLEMENTATIONS = YES;
				CLANG_WARN_DIRECT_OBJC_ISA_USAGE = YES_ERROR;
				CLANG_WARN_DOCUMENTATION_COMMENTS = YES;
				CLANG_WARN_EMPTY_BODY = YES;
				CLANG_WARN_ENUM_CONVERSION = YES;
				CLANG_WARN_INFINITE_RECURSION = YES;
				CLANG_WARN_INT_CONVERSION = YES;
				CLANG_WARN_NON_LITERAL_NULL_CONVERSION = YES;
				CLANG_WARN_OBJC_IMPLICIT_RETAIN_SELF = YES;
				CLANG_WARN_OBJC_LITERAL_CONVERSION = YES;
				CLANG_WARN_OBJC_ROOT_CLASS = YES_ERROR;
				CLANG_WARN_QUOTED_INCLUDE_IN_FRAMEWORK_HEADER = YES;
				CLANG_WARN_RANGE_LOOP_ANALYSIS = YES;
				CLANG_WARN_STRICT_PROTOTYPES = YES;
				CLANG_WARN_SUSPICIOUS_MOVE = YES;
				CLANG_WARN_UNGUARDED_AVAILABILITY = YES_AGGRESSIVE;
				CLANG_WARN_UNREACHABLE_CODE = YES;
				CLANG_WARN__DUPLICATE_METHOD_MATCH = YES;
				COPY_PHASE_STRIP = NO;
				DEBUG_INFORMATION_FORMAT = dwarf;
				ENABLE_STRICT_OBJC_MSGSEND = YES;
				ENABLE_TESTABILITY = YES;
				ENABLE_USER_SCRIPT_SANDBOXING = YES;
				GCC_C_LANGUAGE_STANDARD = gnu17;
				GCC_DYNAMIC_NO_PIC = NO;
				GCC_NO_COMMON_BLOCKS = YES;
				GCC_OPTIMIZATION_LEVEL = 0;
				GCC_PREPROCESSOR_DEFINITIONS = (
					"DEBUG=1",
					"$(inherited)",
				);
				GCC_WARN_64_TO_32_BIT_CONVERSION = YES;
				GCC_WARN_ABOUT_RETURN_TYPE = YES_ERROR;
				GCC_WARN_UNDECLARED_SELECTOR = YES;
				GCC_WARN_UNINITIALIZED_AUTOS = YES_AGGRESSIVE;
				GCC_WARN_UNUSED_FUNCTION = YES;
				GCC_WARN_UNUSED_VARIABLE = YES;
				IPHONEOS_DEPLOYMENT_TARGET = 18.2;
				LOCALIZATION_PREFERS_STRING_CATALOGS = YES;
				MTL_ENABLE_DEBUG_INFO = INCLUDE_SOURCE;
				MTL_FAST_MATH = YES;
				ONLY_ACTIVE_ARCH = YES;
				SDKROOT = iphoneos;
				SWIFT_ACTIVE_COMPILATION_CONDITIONS = "DEBUG $(inherited)";
				SWIFT_OPTIMIZATION_LEVEL = "-Onone";
			};
			name = Debug;
		};
		F6F73F5D2D3ADEF4002C66A7 /* Release */ = {
			isa = XCBuildConfiguration;
			buildSettings = {
				ALWAYS_SEARCH_USER_PATHS = NO;
				ASSETCATALOG_COMPILER_GENERATE_SWIFT_ASSET_SYMBOL_EXTENSIONS = YES;
				CLANG_ANALYZER_NONNULL = YES;
				CLANG_ANALYZER_NUMBER_OBJECT_CONVERSION = YES_AGGRESSIVE;
				CLANG_CXX_LANGUAGE_STANDARD = "gnu++20";
				CLANG_ENABLE_MODULES = YES;
				CLANG_ENABLE_OBJC_ARC = YES;
				CLANG_ENABLE_OBJC_WEAK = YES;
				CLANG_WARN_BLOCK_CAPTURE_AUTORELEASING = YES;
				CLANG_WARN_BOOL_CONVERSION = YES;
				CLANG_WARN_COMMA = YES;
				CLANG_WARN_CONSTANT_CONVERSION = YES;
				CLANG_WARN_DEPRECATED_OBJC_IMPLEMENTATIONS = YES;
				CLANG_WARN_DIRECT_OBJC_ISA_USAGE = YES_ERROR;
				CLANG_WARN_DOCUMENTATION_COMMENTS = YES;
				CLANG_WARN_EMPTY_BODY = YES;
				CLANG_WARN_ENUM_CONVERSION = YES;
				CLANG_WARN_INFINITE_RECURSION = YES;
				CLANG_WARN_INT_CONVERSION = YES;
				CLANG_WARN_NON_LITERAL_NULL_CONVERSION = YES;
				CLANG_WARN_OBJC_IMPLICIT_RETAIN_SELF = YES;
				CLANG_WARN_OBJC_LITERAL_CONVERSION = YES;
				CLANG_WARN_OBJC_ROOT_CLASS = YES_ERROR;
				CLANG_WARN_QUOTED_INCLUDE_IN_FRAMEWORK_HEADER = YES;
				CLANG_WARN_RANGE_LOOP_ANALYSIS = YES;
				CLANG_WARN_STRICT_PROTOTYPES = YES;
				CLANG_WARN_SUSPICIOUS_MOVE = YES;
				CLANG_WARN_UNGUARDED_AVAILABILITY = YES_AGGRESSIVE;
				CLANG_WARN_UNREACHABLE_CODE = YES;
				CLANG_WARN__DUPLICATE_METHOD_MATCH = YES;
				COPY_PHASE_STRIP = NO;
				DEBUG_INFORMATION_FORMAT = "dwarf-with-dsym";
				ENABLE_NS_ASSERTIONS = NO;
				ENABLE_STRICT_OBJC_MSGSEND = YES;
				ENABLE_USER_SCRIPT_SANDBOXING = YES;
				GCC_C_LANGUAGE_STANDARD = gnu17;
				GCC_NO_COMMON_BLOCKS = YES;
				GCC_WARN_64_TO_32_BIT_CONVERSION = YES;
				GCC_WARN_ABOUT_RETURN_TYPE = YES_ERROR;
				GCC_WARN_UNDECLARED_SELECTOR = YES;
				GCC_WARN_UNINITIALIZED_AUTOS = YES_AGGRESSIVE;
				GCC_WARN_UNUSED_FUNCTION = YES;
				GCC_WARN_UNUSED_VARIABLE = YES;
				IPHONEOS_DEPLOYMENT_TARGET = 18.2;
				LOCALIZATION_PREFERS_STRING_CATALOGS = YES;
				MTL_ENABLE_DEBUG_INFO = NO;
				MTL_FAST_MATH = YES;
				SDKROOT = iphoneos;
				SWIFT_COMPILATION_MODE = wholemodule;
				VALIDATE_PRODUCT = YES;
			};
			name = Release;
		};
		F6F73F5F2D3ADEF4002C66A7 /* Debug */ = {
			isa = XCBuildConfiguration;
			buildSettings = {
				ASSETCATALOG_COMPILER_APPICON_NAME = AppIcon;
				ASSETCATALOG_COMPILER_GLOBAL_ACCENT_COLOR_NAME = AccentColor;
				CODE_SIGN_STYLE = Automatic;
				CURRENT_PROJECT_VERSION = 1;
				DEVELOPMENT_ASSET_PATHS = "\"vide/Preview Content\"";
				DEVELOPMENT_TEAM = X6U2CKPDDQ;
				ENABLE_PREVIEWS = YES;
				GENERATE_INFOPLIST_FILE = YES;
				INFOPLIST_KEY_UIApplicationSceneManifest_Generation = YES;
				INFOPLIST_KEY_UIApplicationSupportsIndirectInputEvents = YES;
				INFOPLIST_KEY_UILaunchScreen_Generation = YES;
				INFOPLIST_KEY_UISupportedInterfaceOrientations_iPad = "UIInterfaceOrientationPortrait UIInterfaceOrientationPortraitUpsideDown UIInterfaceOrientationLandscapeLeft UIInterfaceOrientationLandscapeRight";
				INFOPLIST_KEY_UISupportedInterfaceOrientations_iPhone = "UIInterfaceOrientationPortrait UIInterfaceOrientationLandscapeLeft UIInterfaceOrientationLandscapeRight";
				LD_RUNPATH_SEARCH_PATHS = (
					"$(inherited)",
					"@executable_path/Frameworks",
				);
				MARKETING_VERSION = 1.0;
				PRODUCT_BUNDLE_IDENTIFIER = com.eze.vide;
				PRODUCT_NAME = "$(TARGET_NAME)";
				SWIFT_EMIT_LOC_STRINGS = YES;
				SWIFT_VERSION = 5.0;
				TARGETED_DEVICE_FAMILY = "1,2";
			};
			name = Debug;
		};
		F6F73F602D3ADEF4002C66A7 /* Release */ = {
			isa = XCBuildConfiguration;
			buildSettings = {
				ASSETCATALOG_COMPILER_APPICON_NAME = AppIcon;
				ASSETCATALOG_COMPILER_GLOBAL_ACCENT_COLOR_NAME = AccentColor;
				CODE_SIGN_STYLE = Automatic;
				CURRENT_PROJECT_VERSION = 1;
				DEVELOPMENT_ASSET_PATHS = "\"vide/Preview Content\"";
				DEVELOPMENT_TEAM = X6U2CKPDDQ;
				ENABLE_PREVIEWS = YES;
				GENERATE_INFOPLIST_FILE = YES;
				INFOPLIST_KEY_UIApplicationSceneManifest_Generation = YES;
				INFOPLIST_KEY_UIApplicationSupportsIndirectInputEvents = YES;
				INFOPLIST_KEY_UILaunchScreen_Generation = YES;
				INFOPLIST_KEY_UISupportedInterfaceOrientations_iPad = "UIInterfaceOrientationPortrait UIInterfaceOrientationPortraitUpsideDown UIInterfaceOrientationLandscapeLeft UIInterfaceOrientationLandscapeRight";
				INFOPLIST_KEY_UISupportedInterfaceOrientations_iPhone = "UIInterfaceOrientationPortrait UIInterfaceOrientationLandscapeLeft UIInterfaceOrientationLandscapeRight";
				LD_RUNPATH_SEARCH_PATHS = (
					"$(inherited)",
					"@executable_path/Frameworks",
				);
				MARKETING_VERSION = 1.0;
				PRODUCT_BUNDLE_IDENTIFIER = com.eze.vide;
				PRODUCT_NAME = "$(TARGET_NAME)";
				SWIFT_EMIT_LOC_STRINGS = YES;
				SWIFT_VERSION = 5.0;
				TARGETED_DEVICE_FAMILY = "1,2";
			};
			name = Release;
		};
		F6F73F622D3ADEF4002C66A7 /* Debug */ = {
			isa = XCBuildConfiguration;
			buildSettings = {
				BUNDLE_LOADER = "$(TEST_HOST)";
				CODE_SIGN_STYLE = Automatic;
				CURRENT_PROJECT_VERSION = 1;
				DEVELOPMENT_TEAM = X6U2CKPDDQ;
				GENERATE_INFOPLIST_FILE = YES;
				IPHONEOS_DEPLOYMENT_TARGET = 18.2;
				MARKETING_VERSION = 1.0;
				PRODUCT_BUNDLE_IDENTIFIER = com.eze.videTests;
				PRODUCT_NAME = "$(TARGET_NAME)";
				SWIFT_EMIT_LOC_STRINGS = NO;
				SWIFT_VERSION = 5.0;
				TARGETED_DEVICE_FAMILY = "1,2";
				TEST_HOST = "$(BUILT_PRODUCTS_DIR)/vide.app/$(BUNDLE_EXECUTABLE_FOLDER_PATH)/vide";
			};
			name = Debug;
		};
		F6F73F632D3ADEF4002C66A7 /* Release */ = {
			isa = XCBuildConfiguration;
			buildSettings = {
				BUNDLE_LOADER = "$(TEST_HOST)";
				CODE_SIGN_STYLE = Automatic;
				CURRENT_PROJECT_VERSION = 1;
				DEVELOPMENT_TEAM = X6U2CKPDDQ;
				GENERATE_INFOPLIST_FILE = YES;
				IPHONEOS_DEPLOYMENT_TARGET = 18.2;
				MARKETING_VERSION = 1.0;
				PRODUCT_BUNDLE_IDENTIFIER = com.eze.videTests;
				PRODUCT_NAME = "$(TARGET_NAME)";
				SWIFT_EMIT_LOC_STRINGS = NO;
				SWIFT_VERSION = 5.0;
				TARGETED_DEVICE_FAMILY = "1,2";
				TEST_HOST = "$(BUILT_PRODUCTS_DIR)/vide.app/$(BUNDLE_EXECUTABLE_FOLDER_PATH)/vide";
			};
			name = Release;
		};
		F6F73F652D3ADEF4002C66A7 /* Debug */ = {
			isa = XCBuildConfiguration;
			buildSettings = {
				CODE_SIGN_STYLE = Automatic;
				CURRENT_PROJECT_VERSION = 1;
				DEVELOPMENT_TEAM = X6U2CKPDDQ;
				GENERATE_INFOPLIST_FILE = YES;
				MARKETING_VERSION = 1.0;
				PRODUCT_BUNDLE_IDENTIFIER = com.eze.videUITests;
				PRODUCT_NAME = "$(TARGET_NAME)";
				SWIFT_EMIT_LOC_STRINGS = NO;
				SWIFT_VERSION = 5.0;
				TARGETED_DEVICE_FAMILY = "1,2";
				TEST_TARGET_NAME = vide;
			};
			name = Debug;
		};
		F6F73F662D3ADEF4002C66A7 /* Release */ = {
			isa = XCBuildConfiguration;
			buildSettings = {
				CODE_SIGN_STYLE = Automatic;
				CURRENT_PROJECT_VERSION = 1;
				DEVELOPMENT_TEAM = X6U2CKPDDQ;
				GENERATE_INFOPLIST_FILE = YES;
				MARKETING_VERSION = 1.0;
				PRODUCT_BUNDLE_IDENTIFIER = com.eze.videUITests;
				PRODUCT_NAME = "$(TARGET_NAME)";
				SWIFT_EMIT_LOC_STRINGS = NO;
				SWIFT_VERSION = 5.0;
				TARGETED_DEVICE_FAMILY = "1,2";
				TEST_TARGET_NAME = vide;
			};
			name = Release;
		};
/* End XCBuildConfiguration section */

/* Begin XCConfigurationList section */
		F6F73F352D3ADEF2002C66A7 /* Build configuration list for PBXProject "vide" */ = {
			isa = XCConfigurationList;
			buildConfigurations = (
				F6F73F5C2D3ADEF4002C66A7 /* Debug */,
				F6F73F5D2D3ADEF4002C66A7 /* Release */,
			);
			defaultConfigurationIsVisible = 0;
			defaultConfigurationName = Release;
		};
		F6F73F5E2D3ADEF4002C66A7 /* Build configuration list for PBXNativeTarget "vide" */ = {
			isa = XCConfigurationList;
			buildConfigurations = (
				F6F73F5F2D3ADEF4002C66A7 /* Debug */,
				F6F73F602D3ADEF4002C66A7 /* Release */,
			);
			defaultConfigurationIsVisible = 0;
			defaultConfigurationName = Release;
		};
		F6F73F612D3ADEF4002C66A7 /* Build configuration list for PBXNativeTarget "videTests" */ = {
			isa = XCConfigurationList;
			buildConfigurations = (
				F6F73F622D3ADEF4002C66A7 /* Debug */,
				F6F73F632D3ADEF4002C66A7 /* Release */,
			);
			defaultConfigurationIsVisible = 0;
			defaultConfigurationName = Release;
		};
		F6F73F642D3ADEF4002C66A7 /* Build configuration list for PBXNativeTarget "videUITests" */ = {
			isa = XCConfigurationList;
			buildConfigurations = (
				F6F73F652D3ADEF4002C66A7 /* Debug */,
				F6F73F662D3ADEF4002C66A7 /* Release */,
			);
			defaultConfigurationIsVisible = 0;
			defaultConfigurationName = Release;
		};
/* End XCConfigurationList section */
	};
	rootObject = F6F73F322D3ADEF2002C66A7 /* Project object */;
}
